
Microsoft Visual Studio Solution File, Format Version 12.00
# Visual Studio Version 17
VisualStudioVersion = 17.6.33829.357
MinimumVisualStudioVersion = 10.0.40219.1
Project("{9A19103F-16F7-4668-BE54-9A1E7A4F7556}") = "TextualRPG", "ApiTemplate\TextualRPG.csproj", "{DDDAB7B0-3EC9-4F87-8B73-D9DD98B975E6}"
	ProjectSection(ProjectDependencies) = postProject
		{14F5C54E-180E-4E0B-BF7E-06803758CEAA} = {14F5C54E-180E-4E0B-BF7E-06803758CEAA}
		{4AFA96CC-C6DF-4110-8246-7A786BA7A134} = {4AFA96CC-C6DF-4110-8246-7A786BA7A134}
		{AE5E54FA-D9DE-47E8-9A5A-E1406B02C72A} = {AE5E54FA-D9DE-47E8-9A5A-E1406B02C72A}
		{D8D8805D-1A53-44EC-8D5C-98AE35014C48} = {D8D8805D-1A53-44EC-8D5C-98AE35014C48}
	EndProjectSection
EndProject
Project("{9A19103F-16F7-4668-BE54-9A1E7A4F7556}") = "TextualRPG.Extensions", "ApiTemplate.Extensions\TextualRPG.Extensions.csproj", "{08495A45-C81F-4233-B732-34832EC614A8}"
EndProject
Project("{9A19103F-16F7-4668-BE54-9A1E7A4F7556}") = "TextualRPG.API.Contracts", "ApiTemplate.API.Contracts\TextualRPG.API.Contracts.csproj", "{D8D8805D-1A53-44EC-8D5C-98AE35014C48}"
EndProject
Project("{9A19103F-16F7-4668-BE54-9A1E7A4F7556}") = "TextualRPG.DAL", "ApiTemplate.DAL\TextualRPG.DAL.csproj", "{AE5E54FA-D9DE-47E8-9A5A-E1406B02C72A}"
EndProject
Project("{9A19103F-16F7-4668-BE54-9A1E7A4F7556}") = "TextualRPG.EF.Services", "ApiTemplate.EF.Services\TextualRPG.EF.Services.csproj", "{14F5C54E-180E-4E0B-BF7E-06803758CEAA}"
EndProject
Project("{9A19103F-16F7-4668-BE54-9A1E7A4F7556}") = "TextualRPG.API", "ApiTemplate.API\TextualRPG.API.csproj", "{4AFA96CC-C6DF-4110-8246-7A786BA7A134}"
	ProjectSection(ProjectDependencies) = postProject
		{14F5C54E-180E-4E0B-BF7E-06803758CEAA} = {14F5C54E-180E-4E0B-BF7E-06803758CEAA}
	EndProjectSection
EndProject
Project("{FAE04EC0-301F-11D3-BF4B-00C04F79EFBC}") = "TextualRPG.DAL.Contracts", "TextualRPG.DAL.Contracts\TextualRPG.DAL.Contracts.csproj", "{F027DC4C-36D3-42AD-967F-391C4D9741A6}"
EndProject
Global
	GlobalSection(SolutionConfigurationPlatforms) = preSolution
		Debug|Any CPU = Debug|Any CPU
		Release|Any CPU = Release|Any CPU
	EndGlobalSection
	GlobalSection(ProjectConfigurationPlatforms) = postSolution
		{DDDAB7B0-3EC9-4F87-8B73-D9DD98B975E6}.Debug|Any CPU.ActiveCfg = Debug|Any CPU
		{DDDAB7B0-3EC9-4F87-8B73-D9DD98B975E6}.Debug|Any CPU.Build.0 = Debug|Any CPU
		{DDDAB7B0-3EC9-4F87-8B73-D9DD98B975E6}.Release|Any CPU.ActiveCfg = Release|Any CPU
		{DDDAB7B0-3EC9-4F87-8B73-D9DD98B975E6}.Release|Any CPU.Build.0 = Release|Any CPU
		{08495A45-C81F-4233-B732-34832EC614A8}.Debug|Any CPU.ActiveCfg = Debug|Any CPU
		{08495A45-C81F-4233-B732-34832EC614A8}.Debug|Any CPU.Build.0 = Debug|Any CPU
		{08495A45-C81F-4233-B732-34832EC614A8}.Release|Any CPU.ActiveCfg = Release|Any CPU
		{08495A45-C81F-4233-B732-34832EC614A8}.Release|Any CPU.Build.0 = Release|Any CPU
		{D8D8805D-1A53-44EC-8D5C-98AE35014C48}.Debug|Any CPU.ActiveCfg = Debug|Any CPU
		{D8D8805D-1A53-44EC-8D5C-98AE35014C48}.Debug|Any CPU.Build.0 = Debug|Any CPU
		{D8D8805D-1A53-44EC-8D5C-98AE35014C48}.Release|Any CPU.ActiveCfg = Release|Any CPU
		{D8D8805D-1A53-44EC-8D5C-98AE35014C48}.Release|Any CPU.Build.0 = Release|Any CPU
		{AE5E54FA-D9DE-47E8-9A5A-E1406B02C72A}.Debug|Any CPU.ActiveCfg = Debug|Any CPU
		{AE5E54FA-D9DE-47E8-9A5A-E1406B02C72A}.Debug|Any CPU.Build.0 = Debug|Any CPU
		{AE5E54FA-D9DE-47E8-9A5A-E1406B02C72A}.Release|Any CPU.ActiveCfg = Release|Any CPU
		{AE5E54FA-D9DE-47E8-9A5A-E1406B02C72A}.Release|Any CPU.Build.0 = Release|Any CPU
		{14F5C54E-180E-4E0B-BF7E-06803758CEAA}.Debug|Any CPU.ActiveCfg = Debug|Any CPU
		{14F5C54E-180E-4E0B-BF7E-06803758CEAA}.Debug|Any CPU.Build.0 = Debug|Any CPU
		{14F5C54E-180E-4E0B-BF7E-06803758CEAA}.Release|Any CPU.ActiveCfg = Release|Any CPU
		{14F5C54E-180E-4E0B-BF7E-06803758CEAA}.Release|Any CPU.Build.0 = Release|Any CPU
		{4AFA96CC-C6DF-4110-8246-7A786BA7A134}.Debug|Any CPU.ActiveCfg = Debug|Any CPU
		{4AFA96CC-C6DF-4110-8246-7A786BA7A134}.Debug|Any CPU.Build.0 = Debug|Any CPU
		{4AFA96CC-C6DF-4110-8246-7A786BA7A134}.Release|Any CPU.ActiveCfg = Release|Any CPU
		{4AFA96CC-C6DF-4110-8246-7A786BA7A134}.Release|Any CPU.Build.0 = Release|Any CPU
		{F027DC4C-36D3-42AD-967F-391C4D9741A6}.Debug|Any CPU.ActiveCfg = Debug|Any CPU
		{F027DC4C-36D3-42AD-967F-391C4D9741A6}.Debug|Any CPU.Build.0 = Debug|Any CPU
		{F027DC4C-36D3-42AD-967F-391C4D9741A6}.Release|Any CPU.ActiveCfg = Release|Any CPU
		{F027DC4C-36D3-42AD-967F-391C4D9741A6}.Release|Any CPU.Build.0 = Release|Any CPU
	EndGlobalSection
	GlobalSection(SolutionProperties) = preSolution
		HideSolutionNode = FALSE
	EndGlobalSection
	GlobalSection(ExtensibilityGlobals) = postSolution
		SolutionGuid = {77B424B6-FA82-45C2-8959-D8DDB9724535}
	EndGlobalSection
EndGlobal
